
Microsoft Visual Studio Solution File, Format Version 12.00
# Visual Studio Version 16
VisualStudioVersion = 16.0.29021.104
MinimumVisualStudioVersion = 10.0.40219.1
Project("{9A19103F-16F7-4668-BE54-9A1E7A4F7556}") = "csharp-expr-rs", "src-csharp\csharp-expr-rs\csharp-expr-rs.csproj", "{9768A265-4904-49AF-99C5-42C3608E39F6}"
EndProject
Project("{9A19103F-16F7-4668-BE54-9A1E7A4F7556}") = "csharp-expr-rs.Tests", "tests-csharp\csharp-expr-rs.Tests\csharp-expr-rs.Tests.csproj", "{7E32CF99-BF0A-4792-A132-C4CEC478AAFF}"
EndProject
Project("{9A19103F-16F7-4668-BE54-9A1E7A4F7556}") = "csharp-expr-rs.ConsoleTests", "tests-csharp\csharp-expr-rs.ConsoleTests\csharp-expr-rs.ConsoleTests.csproj", "{E3147DED-5924-4142-A772-4A6C401C96F4}"
EndProject
Project("{FAE04EC0-301F-11D3-BF4B-00C04F79EFBC}") = "csharp-expr-rs.Benchmarks", "tests-csharp\csharp-expr-rs.Benchmarks\csharp-expr-rs.Benchmarks.csproj", "{F8610EA1-931D-4FB0-98C9-7658E9193D39}"
EndProject
Global
	GlobalSection(SolutionConfigurationPlatforms) = preSolution
		Debug|Any CPU = Debug|Any CPU
		Release|Any CPU = Release|Any CPU
	EndGlobalSection
	GlobalSection(ProjectConfigurationPlatforms) = postSolution
		{9768A265-4904-49AF-99C5-42C3608E39F6}.Debug|Any CPU.ActiveCfg = Debug|Any CPU
		{9768A265-4904-49AF-99C5-42C3608E39F6}.Debug|Any CPU.Build.0 = Debug|Any CPU
		{9768A265-4904-49AF-99C5-42C3608E39F6}.Release|Any CPU.ActiveCfg = Release|Any CPU
		{9768A265-4904-49AF-99C5-42C3608E39F6}.Release|Any CPU.Build.0 = Release|Any CPU
		{7E32CF99-BF0A-4792-A132-C4CEC478AAFF}.Debug|Any CPU.ActiveCfg = Debug|Any CPU
		{7E32CF99-BF0A-4792-A132-C4CEC478AAFF}.Debug|Any CPU.Build.0 = Debug|Any CPU
		{7E32CF99-BF0A-4792-A132-C4CEC478AAFF}.Release|Any CPU.ActiveCfg = Release|Any CPU
		{7E32CF99-BF0A-4792-A132-C4CEC478AAFF}.Release|Any CPU.Build.0 = Release|Any CPU
		{E3147DED-5924-4142-A772-4A6C401C96F4}.Debug|Any CPU.ActiveCfg = Debug|Any CPU
		{E3147DED-5924-4142-A772-4A6C401C96F4}.Debug|Any CPU.Build.0 = Debug|Any CPU
		{E3147DED-5924-4142-A772-4A6C401C96F4}.Release|Any CPU.ActiveCfg = Release|Any CPU
		{E3147DED-5924-4142-A772-4A6C401C96F4}.Release|Any CPU.Build.0 = Release|Any CPU
		{F8610EA1-931D-4FB0-98C9-7658E9193D39}.Debug|Any CPU.ActiveCfg = Debug|Any CPU
		{F8610EA1-931D-4FB0-98C9-7658E9193D39}.Debug|Any CPU.Build.0 = Debug|Any CPU
		{F8610EA1-931D-4FB0-98C9-7658E9193D39}.Release|Any CPU.ActiveCfg = Release|Any CPU
		{F8610EA1-931D-4FB0-98C9-7658E9193D39}.Release|Any CPU.Build.0 = Release|Any CPU
	EndGlobalSection
	GlobalSection(SolutionProperties) = preSolution
		HideSolutionNode = FALSE
	EndGlobalSection
	GlobalSection(ExtensibilityGlobals) = postSolution
		SolutionGuid = {664C54B0-C705-4950-A113-42B63FCDEAAA}
	EndGlobalSection
EndGlobal
